{
  "projects": [
    {
      "projectId": "bQQiQNuPFqALjXn1i5mrPi",
      "version": "latest",
      "dependencies": {
        "gmeH6XgPaBtkt51HunAo4g": "18.29.0"
      },
      "lang": "ts",
      "fileLocks": [
        {
          "assetId": "bQQiQNuPFqALjXn1i5mrPi",
          "checksum": "d9a8f36df93d987232cba46e16cda650",
          "type": "projectModule"
        },
        {
          "assetId": "bQQiQNuPFqALjXn1i5mrPi",
          "checksum": "d3e860985a1795aaab6de5054bc18645",
          "type": "styleTokensProvider"
        },
        {
          "type": "renderModule",
          "assetId": "5PnTE2dDorIh",
          "checksum": "598070e1d346f9d90d5c55951e37e7cb"
        },
        {
          "type": "cssRules",
          "assetId": "5PnTE2dDorIh",
          "checksum": "598070e1d346f9d90d5c55951e37e7cb"
        },
        {
          "type": "renderModule",
          "assetId": "stIYJsu9atqI",
          "checksum": "64f30f215c3e9b7d9f9b67d48d08791f"
        },
        {
          "type": "cssRules",
          "assetId": "stIYJsu9atqI",
          "checksum": "64f30f215c3e9b7d9f9b67d48d08791f"
        },
        {
          "type": "icon",
          "assetId": "ImX566aEjGXx",
          "checksum": "fad394ec6fa32f01f699e3b7e7c03b45"
        },
        {
          "type": "icon",
          "assetId": "xJ-E5XY_mAXn",
          "checksum": "91c9874e92e0a4e24354f586ed7a390d"
        },
        {
          "type": "icon",
          "assetId": "ALE1BOWP-O0x",
          "checksum": "36dd269b53a53d70b01e02cd08b76540"
        },
        {
          "type": "icon",
          "assetId": "54eMpvLDAbZQ",
          "checksum": "6495a145a575c93a59aedcad9195f0c6"
        },
        {
          "type": "image",
          "assetId": "3lbt73gUOVtt",
          "checksum": "dcbf6a63d91161ac8f74447fba075ca7"
        },
        {
          "type": "image",
          "assetId": "AAQFiBvXjKVh",
          "checksum": "cc4fe8f8ebbbb8663d70ecff958e5e90"
        },
        {
          "assetId": "bQQiQNuPFqALjXn1i5mrPi",
          "type": "projectCss",
          "checksum": "914660b412f57e2b039976f70a36538e"
        },
        {
          "type": "renderModule",
          "assetId": "CIYX5n17qY36",
          "checksum": "084bf73a29df839d486278837ad5469d"
        },
        {
          "type": "cssRules",
          "assetId": "CIYX5n17qY36",
          "checksum": "084bf73a29df839d486278837ad5469d"
        },
        {
          "type": "renderModule",
          "assetId": "rFSEHy-SSuct",
          "checksum": "8a760cdce7b18ea2766e2a032748ec1c"
        },
        {
          "type": "cssRules",
          "assetId": "rFSEHy-SSuct",
          "checksum": "8a760cdce7b18ea2766e2a032748ec1c"
        },
        {
          "type": "renderModule",
          "assetId": "5FpHekbI84a2",
          "checksum": "3c4d4b250db01b0ebf6dc3357d491a6f"
        },
        {
          "type": "cssRules",
          "assetId": "5FpHekbI84a2",
          "checksum": "3c4d4b250db01b0ebf6dc3357d491a6f"
        },
        {
          "type": "renderModule",
          "assetId": "2lIZmH-Ye0_4",
          "checksum": "a231de4d3d137d64b4b5a4eb832dc265"
        },
        {
          "type": "cssRules",
          "assetId": "2lIZmH-Ye0_4",
          "checksum": "a231de4d3d137d64b4b5a4eb832dc265"
        },
        {
          "type": "renderModule",
          "assetId": "WqJ7AUL7GeLx",
          "checksum": "17780cb02dada206c18f91a5c5f673f4"
        },
        {
          "type": "cssRules",
          "assetId": "WqJ7AUL7GeLx",
          "checksum": "17780cb02dada206c18f91a5c5f673f4"
        },
        {
          "type": "renderModule",
          "assetId": "F-JrBTTNqhzt",
          "checksum": "42574de0df60acbdd0f48bf65e49ffb1"
        },
        {
          "type": "cssRules",
          "assetId": "F-JrBTTNqhzt",
          "checksum": "42574de0df60acbdd0f48bf65e49ffb1"
        },
        {
          "type": "renderModule",
          "assetId": "p66-mMsMW6dx",
          "checksum": "7af2a3fb322361bf6dc5e24df89696bb"
        },
        {
          "type": "cssRules",
          "assetId": "p66-mMsMW6dx",
          "checksum": "7af2a3fb322361bf6dc5e24df89696bb"
        },
        {
          "type": "renderModule",
          "assetId": "OG-B4su9scYB",
          "checksum": "fad8879005635ae04f9a69c27c4a3e26"
        },
        {
          "type": "cssRules",
          "assetId": "OG-B4su9scYB",
          "checksum": "fad8879005635ae04f9a69c27c4a3e26"
        },
        {
          "type": "renderModule",
          "assetId": "WIx-FZ8fDMxv",
          "checksum": "173681785716911037015db653288393"
        },
        {
          "type": "cssRules",
          "assetId": "WIx-FZ8fDMxv",
          "checksum": "173681785716911037015db653288393"
        },
        {
          "type": "renderModule",
          "assetId": "X_oxk-hoyh4Z",
          "checksum": "f8d2d0fed52e7fa318668d35361030b6"
        },
        {
          "type": "cssRules",
          "assetId": "X_oxk-hoyh4Z",
          "checksum": "f8d2d0fed52e7fa318668d35361030b6"
        },
        {
          "type": "icon",
          "assetId": "x2TcmOTCUwEm",
          "checksum": "f693a4ebe5195c7b7ffb30234f911dc5"
        },
        {
          "type": "icon",
          "assetId": "144CbaAvavLV",
          "checksum": "4c9f691fa80ea5957fe5216dfbee8ac8"
        }
      ],
      "codegenVersion": "0.0.2"
    },
    {
      "projectId": "gmeH6XgPaBtkt51HunAo4g",
      "version": "18.29.0",
      "dependencies": {},
      "lang": "ts",
      "fileLocks": [
        {
          "assetId": "gmeH6XgPaBtkt51HunAo4g",
          "type": "projectCss",
          "checksum": "a92f8a81c335659a69443e50fd02af8c"
        },
        {
          "assetId": "gmeH6XgPaBtkt51HunAo4g",
          "checksum": "12432bceef704021122cb8b3d2017760",
          "type": "projectModule"
        },
        {
          "assetId": "gmeH6XgPaBtkt51HunAo4g",
          "checksum": "fe72ba8dfd186001e008f2e95fe60374",
          "type": "styleTokensProvider"
        }
      ],
      "codegenVersion": "0.0.2"
    }
  ],
  "cliVersion": "0.1.356"
}
